
Microsoft Visual Studio Solution File, Format Version 12.00
# Visual Studio Version 17
VisualStudioVersion = 17.3.32825.248
MinimumVisualStudioVersion = 10.0.40219.1
Project("{FAE04EC0-301F-11D3-BF4B-00C04F79EFBC}") = "MealPlanner", "MealPlanner\MealPlanner.csproj", "{17C3F137-9543-4B13-B30D-965C83D85CF1}"
EndProject
Project("{FAE04EC0-301F-11D3-BF4B-00C04F79EFBC}") = "DataAccess", "DataAccess\DataAccess.csproj", "{D3C94853-F3EB-4D55-A247-E9A371A7CEA1}"
EndProject
Project("{FAE04EC0-301F-11D3-BF4B-00C04F79EFBC}") = "Domain", "Domain\Domain.csproj", "{BD48DD12-AA6A-4CFF-A8ED-D03164AE8ED6}"
EndProject
Global
	GlobalSection(SolutionConfigurationPlatforms) = preSolution
		Debug|Any CPU = Debug|Any CPU
		Release|Any CPU = Release|Any CPU
	EndGlobalSection
	GlobalSection(ProjectConfigurationPlatforms) = postSolution
		{17C3F137-9543-4B13-B30D-965C83D85CF1}.Debug|Any CPU.ActiveCfg = Debug|Any CPU
		{17C3F137-9543-4B13-B30D-965C83D85CF1}.Debug|Any CPU.Build.0 = Debug|Any CPU
		{17C3F137-9543-4B13-B30D-965C83D85CF1}.Release|Any CPU.ActiveCfg = Release|Any CPU
		{17C3F137-9543-4B13-B30D-965C83D85CF1}.Release|Any CPU.Build.0 = Release|Any CPU
		{D3C94853-F3EB-4D55-A247-E9A371A7CEA1}.Debug|Any CPU.ActiveCfg = Debug|Any CPU
		{D3C94853-F3EB-4D55-A247-E9A371A7CEA1}.Debug|Any CPU.Build.0 = Debug|Any CPU
		{D3C94853-F3EB-4D55-A247-E9A371A7CEA1}.Release|Any CPU.ActiveCfg = Release|Any CPU
		{D3C94853-F3EB-4D55-A247-E9A371A7CEA1}.Release|Any CPU.Build.0 = Release|Any CPU
		{BD48DD12-AA6A-4CFF-A8ED-D03164AE8ED6}.Debug|Any CPU.ActiveCfg = Debug|Any CPU
		{BD48DD12-AA6A-4CFF-A8ED-D03164AE8ED6}.Debug|Any CPU.Build.0 = Debug|Any CPU
		{BD48DD12-AA6A-4CFF-A8ED-D03164AE8ED6}.Release|Any CPU.ActiveCfg = Release|Any CPU
		{BD48DD12-AA6A-4CFF-A8ED-D03164AE8ED6}.Release|Any CPU.Build.0 = Release|Any CPU
	EndGlobalSection
	GlobalSection(SolutionProperties) = preSolution
		HideSolutionNode = FALSE
	EndGlobalSection
	GlobalSection(ExtensibilityGlobals) = postSolution
		SolutionGuid = {52B897AC-364C-4B48-8B2D-E6A1F1FE84AB}
	EndGlobalSection
EndGlobal
